schema: '2.0'
stages:
  fetch_data:
    cmd: python src/fetch_data.py
    deps:
    - path: src/fetch_data.py
      hash: md5
      md5: 04ab2a57c2e9f1565c2677a06d787b16
      size: 987
    outs:
    - path: data/raw/schedule_sample.csv
      hash: md5
      md5: ff13348e3ca5c338794a9ef765496ca1
      size: 71227
    - path: data/raw/team_stats_sample.csv
      hash: md5
      md5: eb44c0593b9f0360e48c0b0bf403a635
      size: 4108
  preprocess:
    cmd: python src/preprocess.py
    deps:
    - path: data/raw/schedule_sample.csv
      hash: md5
      md5: ff13348e3ca5c338794a9ef765496ca1
      size: 71227
    - path: data/raw/team_stats_sample.csv
      hash: md5
      md5: eb44c0593b9f0360e48c0b0bf403a635
      size: 4108
    - path: src/preprocess.py
      hash: md5
      md5: 9e407c4bd7324f3259db1670fbad3ccd
      size: 1932
    outs:
    - path: data/processed/clean_matches.csv
      hash: md5
      md5: 2c9971c14a3f2f04b1ffd4a806d5d64e
      size: 75487
  train:
    cmd: python src/train.py
    deps:
    - path: data/processed/clean_matches.csv
      hash: md5
      md5: 2c9971c14a3f2f04b1ffd4a806d5d64e
      size: 75487
    - path: src/train.py
      hash: md5
      md5: c27fc0e5aa2f57a63b25f293666f7e19
      size: 3290
    outs:
    - path: app/model/away_model.json
      hash: md5
      md5: 971b6dcd90386b9035c492bc66de1409
      size: 253319
    - path: app/model/home_model.json
      hash: md5
      md5: 49266c2886c1b643c73c14ec82929caf
      size: 252514
  predict:
    cmd: python src/predict.py
    deps:
    - path: app/model/away_model.json
      hash: md5
      md5: 971b6dcd90386b9035c492bc66de1409
      size: 253319
    - path: app/model/home_model.json
      hash: md5
      md5: 49266c2886c1b643c73c14ec82929caf
      size: 252514
    - path: data/processed/clean_matches.csv
      hash: md5
      md5: 2c9971c14a3f2f04b1ffd4a806d5d64e
      size: 75487
    - path: src/predict.py
      hash: md5
      md5: c2b38367d2e69de42187e42b63737cc8
      size: 2754
    outs:
    - path: data/predictions/predicted_matches.csv
      hash: md5
      md5: 4574708415c0d30f4e6a5cf906c4d877
      size: 83190
